
Microsoft Visual Studio Solution File, Format Version 10.00
# Visual Studio 2008
Project("{FAE04EC0-301F-11D3-BF4B-00C04F79EFBC}") = "ejsManager", "ejsManager.csproj", "{ADE3E238-E61A-41C1-A32A-AD8702D424EE}"
EndProject
Global
	GlobalSection(SolutionConfigurationPlatforms) = preSolution
		Debug|Any CPU = Debug|Any CPU
		Release|Any CPU = Release|Any CPU
	EndGlobalSection
	GlobalSection(ProjectConfigurationPlatforms) = postSolution
		{ADE3E238-E61A-41C1-A32A-AD8702D424EE}.Debug|Any CPU.ActiveCfg = Debug|Any CPU
		{ADE3E238-E61A-41C1-A32A-AD8702D424EE}.Debug|Any CPU.Build.0 = Debug|Any CPU
		{ADE3E238-E61A-41C1-A32A-AD8702D424EE}.Release|Any CPU.ActiveCfg = Debug|Any CPU
		{ADE3E238-E61A-41C1-A32A-AD8702D424EE}.Release|Any CPU.Build.0 = Debug|Any CPU
	EndGlobalSection
	GlobalSection(SolutionProperties) = preSolution
		HideSolutionNode = FALSE
	EndGlobalSection
EndGlobal
